// !$*UTF8*$!
{
	archiveVersion = 1;
	classes = {
	};
	objectVersion = 46;
	objects = {

/* Begin PBXBuildFile section */
		1286D3C718FB6A1200D6AE1C /* Foundation.framework in Frameworks */ = {isa = PBXBuildFile; fileRef = 1286D3C618FB6A1200D6AE1C /* Foundation.framework */; };
		1286D3C918FB6A1200D6AE1C /* CoreGraphics.framework in Frameworks */ = {isa = PBXBuildFile; fileRef = 1286D3C818FB6A1200D6AE1C /* CoreGraphics.framework */; };
		1286D3CB18FB6A1200D6AE1C /* UIKit.framework in Frameworks */ = {isa = PBXBuildFile; fileRef = 1286D3CA18FB6A1200D6AE1C /* UIKit.framework */; };
		1286D3D118FB6A1200D6AE1C /* InfoPlist.strings in Resources */ = {isa = PBXBuildFile; fileRef = 1286D3CF18FB6A1200D6AE1C /* InfoPlist.strings */; };
		1286D3D318FB6A1200D6AE1C /* main.m in Sources */ = {isa = PBXBuildFile; fileRef = 1286D3D218FB6A1200D6AE1C /* main.m */; };
		1286D3D718FB6A1200D6AE1C /* SRIAppDelegate.m in Sources */ = {isa = PBXBuildFile; fileRef = 1286D3D618FB6A1200D6AE1C /* SRIAppDelegate.m */; };
		1286D3D918FB6A1200D6AE1C /* Images.xcassets in Resources */ = {isa = PBXBuildFile; fileRef = 1286D3D818FB6A1200D6AE1C /* Images.xcassets */; };
		1286D3E018FB6A1200D6AE1C /* XCTest.framework in Frameworks */ = {isa = PBXBuildFile; fileRef = 1286D3DF18FB6A1200D6AE1C /* XCTest.framework */; };
		1286D3E118FB6A1200D6AE1C /* Foundation.framework in Frameworks */ = {isa = PBXBuildFile; fileRef = 1286D3C618FB6A1200D6AE1C /* Foundation.framework */; };
		1286D3E218FB6A1200D6AE1C /* UIKit.framework in Frameworks */ = {isa = PBXBuildFile; fileRef = 1286D3CA18FB6A1200D6AE1C /* UIKit.framework */; };
		1286D3EA18FB6A1200D6AE1C /* InfoPlist.strings in Resources */ = {isa = PBXBuildFile; fileRef = 1286D3E818FB6A1200D6AE1C /* InfoPlist.strings */; };
		1286D3EC18FB6A1200D6AE1C /* springrole_ios_xmpp_demoTests.m in Sources */ = {isa = PBXBuildFile; fileRef = 1286D3EB18FB6A1200D6AE1C /* springrole_ios_xmpp_demoTests.m */; };
/* End PBXBuildFile section */

/* Begin PBXContainerItemProxy section */
		1286D3E318FB6A1200D6AE1C /* PBXContainerItemProxy */ = {
			isa = PBXContainerItemProxy;
			containerPortal = 1286D3BB18FB6A1200D6AE1C /* Project object */;
			proxyType = 1;
			remoteGlobalIDString = 1286D3C218FB6A1200D6AE1C;
			remoteInfo = "springrole-ios-xmpp-demo";
		};
/* End PBXContainerItemProxy section */

/* Begin PBXFileReference section */
		1286D3C318FB6A1200D6AE1C /* springrole-ios-xmpp-demo.app */ = {isa = PBXFileReference; explicitFileType = wrapper.application; includeInIndex = 0; path = "springrole-ios-xmpp-demo.app"; sourceTree = BUILT_PRODUCTS_DIR; };
		1286D3C618FB6A1200D6AE1C /* Foundation.framework */ = {isa = PBXFileReference; lastKnownFileType = wrapper.framework; name = Foundation.framework; path = System/Library/Frameworks/Foundation.framework; sourceTree = SDKROOT; };
		1286D3C818FB6A1200D6AE1C /* CoreGraphics.framework */ = {isa = PBXFileReference; lastKnownFileType = wrapper.framework; name = CoreGraphics.framework; path = System/Library/Frameworks/CoreGraphics.framework; sourceTree = SDKROOT; };
		1286D3CA18FB6A1200D6AE1C /* UIKit.framework */ = {isa = PBXFileReference; lastKnownFileType = wrapper.framework; name = UIKit.framework; path = System/Library/Frameworks/UIKit.framework; sourceTree = SDKROOT; };
		1286D3CE18FB6A1200D6AE1C /* springrole-ios-xmpp-demo-Info.plist */ = {isa = PBXFileReference; lastKnownFileType = text.plist.xml; path = "springrole-ios-xmpp-demo-Info.plist"; sourceTree = "<group>"; };
		1286D3D018FB6A1200D6AE1C /* en */ = {isa = PBXFileReference; lastKnownFileType = text.plist.strings; name = en; path = en.lproj/InfoPlist.strings; sourceTree = "<group>"; };
		1286D3D218FB6A1200D6AE1C /* main.m */ = {isa = PBXFileReference; lastKnownFileType = sourcecode.c.objc; path = main.m; sourceTree = "<group>"; };
		1286D3D418FB6A1200D6AE1C /* springrole-ios-xmpp-demo-Prefix.pch */ = {isa = PBXFileReference; lastKnownFileType = sourcecode.c.h; path = "springrole-ios-xmpp-demo-Prefix.pch"; sourceTree = "<group>"; };
		1286D3D518FB6A1200D6AE1C /* SRIAppDelegate.h */ = {isa = PBXFileReference; lastKnownFileType = sourcecode.c.h; path = SRIAppDelegate.h; sourceTree = "<group>"; };
		1286D3D618FB6A1200D6AE1C /* SRIAppDelegate.m */ = {isa = PBXFileReference; lastKnownFileType = sourcecode.c.objc; path = SRIAppDelegate.m; sourceTree = "<group>"; };
		1286D3D818FB6A1200D6AE1C /* Images.xcassets */ = {isa = PBXFileReference; lastKnownFileType = folder.assetcatalog; path = Images.xcassets; sourceTree = "<group>"; };
		1286D3DE18FB6A1200D6AE1C /* springrole-ios-xmpp-demoTests.xctest */ = {isa = PBXFileReference; explicitFileType = wrapper.cfbundle; includeInIndex = 0; path = "springrole-ios-xmpp-demoTests.xctest"; sourceTree = BUILT_PRODUCTS_DIR; };
		1286D3DF18FB6A1200D6AE1C /* XCTest.framework */ = {isa = PBXFileReference; lastKnownFileType = wrapper.framework; name = XCTest.framework; path = Library/Frameworks/XCTest.framework; sourceTree = DEVELOPER_DIR; };
		1286D3E718FB6A1200D6AE1C /* springrole-ios-xmpp-demoTests-Info.plist */ = {isa = PBXFileReference; lastKnownFileType = text.plist.xml; path = "springrole-ios-xmpp-demoTests-Info.plist"; sourceTree = "<group>"; };
		1286D3E918FB6A1200D6AE1C /* en */ = {isa = PBXFileReference; lastKnownFileType = text.plist.strings; name = en; path = en.lproj/InfoPlist.strings; sourceTree = "<group>"; };
		1286D3EB18FB6A1200D6AE1C /* springrole_ios_xmpp_demoTests.m */ = {isa = PBXFileReference; lastKnownFileType = sourcecode.c.objc; path = springrole_ios_xmpp_demoTests.m; sourceTree = "<group>"; };
/* End PBXFileReference section */

/* Begin PBXFrameworksBuildPhase section */
		1286D3C018FB6A1200D6AE1C /* Frameworks */ = {
			isa = PBXFrameworksBuildPhase;
			buildActionMask = 2147483647;
			files = (
				1286D3C918FB6A1200D6AE1C /* CoreGraphics.framework in Frameworks */,
				1286D3CB18FB6A1200D6AE1C /* UIKit.framework in Frameworks */,
				1286D3C718FB6A1200D6AE1C /* Foundation.framework in Frameworks */,
			);
			runOnlyForDeploymentPostprocessing = 0;
		};
		1286D3DB18FB6A1200D6AE1C /* Frameworks */ = {
			isa = PBXFrameworksBuildPhase;
			buildActionMask = 2147483647;
			files = (
				1286D3E018FB6A1200D6AE1C /* XCTest.framework in Frameworks */,
				1286D3E218FB6A1200D6AE1C /* UIKit.framework in Frameworks */,
				1286D3E118FB6A1200D6AE1C /* Foundation.framework in Frameworks */,
			);
			runOnlyForDeploymentPostprocessing = 0;
		};
/* End PBXFrameworksBuildPhase section */

/* Begin PBXGroup section */
		1286D3BA18FB6A1200D6AE1C = {
			isa = PBXGroup;
			children = (
				1286D3CC18FB6A1200D6AE1C /* springrole-ios-xmpp-demo */,
				1286D3E518FB6A1200D6AE1C /* springrole-ios-xmpp-demoTests */,
				1286D3C518FB6A1200D6AE1C /* Frameworks */,
				1286D3C418FB6A1200D6AE1C /* Products */,
			);
			sourceTree = "<group>";
		};
		1286D3C418FB6A1200D6AE1C /* Products */ = {
			isa = PBXGroup;
			children = (
				1286D3C318FB6A1200D6AE1C /* springrole-ios-xmpp-demo.app */,
				1286D3DE18FB6A1200D6AE1C /* springrole-ios-xmpp-demoTests.xctest */,
			);
			name = Products;
			sourceTree = "<group>";
		};
		1286D3C518FB6A1200D6AE1C /* Frameworks */ = {
			isa = PBXGroup;
			children = (
				1286D3C618FB6A1200D6AE1C /* Foundation.framework */,
				1286D3C818FB6A1200D6AE1C /* CoreGraphics.framework */,
				1286D3CA18FB6A1200D6AE1C /* UIKit.framework */,
				1286D3DF18FB6A1200D6AE1C /* XCTest.framework */,
			);
			name = Frameworks;
			sourceTree = "<group>";
		};
		1286D3CC18FB6A1200D6AE1C /* springrole-ios-xmpp-demo */ = {
			isa = PBXGroup;
			children = (
				1286D3D518FB6A1200D6AE1C /* SRIAppDelegate.h */,
				1286D3D618FB6A1200D6AE1C /* SRIAppDelegate.m */,
				1286D3D818FB6A1200D6AE1C /* Images.xcassets */,
				1286D3CD18FB6A1200D6AE1C /* Supporting Files */,
			);
			path = "springrole-ios-xmpp-demo";
			sourceTree = "<group>";
		};
		1286D3CD18FB6A1200D6AE1C /* Supporting Files */ = {
			isa = PBXGroup;
			children = (
				1286D3CE18FB6A1200D6AE1C /* springrole-ios-xmpp-demo-Info.plist */,
				1286D3CF18FB6A1200D6AE1C /* InfoPlist.strings */,
				1286D3D218FB6A1200D6AE1C /* main.m */,
				1286D3D418FB6A1200D6AE1C /* springrole-ios-xmpp-demo-Prefix.pch */,
			);
			name = "Supporting Files";
			sourceTree = "<group>";
		};
		1286D3E518FB6A1200D6AE1C /* springrole-ios-xmpp-demoTests */ = {
			isa = PBXGroup;
			children = (
				1286D3EB18FB6A1200D6AE1C /* springrole_ios_xmpp_demoTests.m */,
				1286D3E618FB6A1200D6AE1C /* Supporting Files */,
			);
			path = "springrole-ios-xmpp-demoTests";
			sourceTree = "<group>";
		};
		1286D3E618FB6A1200D6AE1C /* Supporting Files */ = {
			isa = PBXGroup;
			children = (
				1286D3E718FB6A1200D6AE1C /* springrole-ios-xmpp-demoTests-Info.plist */,
				1286D3E818FB6A1200D6AE1C /* InfoPlist.strings */,
			);
			name = "Supporting Files";
			sourceTree = "<group>";
		};
/* End PBXGroup section */

/* Begin PBXNativeTarget section */
		1286D3C218FB6A1200D6AE1C /* springrole-ios-xmpp-demo */ = {
			isa = PBXNativeTarget;
			buildConfigurationList = 1286D3EF18FB6A1200D6AE1C /* Build configuration list for PBXNativeTarget "springrole-ios-xmpp-demo" */;
			buildPhases = (
				1286D3BF18FB6A1200D6AE1C /* Sources */,
				1286D3C018FB6A1200D6AE1C /* Frameworks */,
				1286D3C118FB6A1200D6AE1C /* Resources */,
			);
			buildRules = (
			);
			dependencies = (
			);
			name = "springrole-ios-xmpp-demo";
			productName = "springrole-ios-xmpp-demo";
			productReference = 1286D3C318FB6A1200D6AE1C /* springrole-ios-xmpp-demo.app */;
			productType = "com.apple.product-type.application";
		};
		1286D3DD18FB6A1200D6AE1C /* springrole-ios-xmpp-demoTests */ = {
			isa = PBXNativeTarget;
			buildConfigurationList = 1286D3F218FB6A1200D6AE1C /* Build configuration list for PBXNativeTarget "springrole-ios-xmpp-demoTests" */;
			buildPhases = (
				1286D3DA18FB6A1200D6AE1C /* Sources */,
				1286D3DB18FB6A1200D6AE1C /* Frameworks */,
				1286D3DC18FB6A1200D6AE1C /* Resources */,
			);
			buildRules = (
			);
			dependencies = (
				1286D3E418FB6A1200D6AE1C /* PBXTargetDependency */,
			);
			name = "springrole-ios-xmpp-demoTests";
			productName = "springrole-ios-xmpp-demoTests";
			productReference = 1286D3DE18FB6A1200D6AE1C /* springrole-ios-xmpp-demoTests.xctest */;
			productType = "com.apple.product-type.bundle.unit-test";
		};
/* End PBXNativeTarget section */

/* Begin PBXProject section */
		1286D3BB18FB6A1200D6AE1C /* Project object */ = {
			isa = PBXProject;
			attributes = {
				CLASSPREFIX = SRI;
				LastUpgradeCheck = 0510;
				ORGANIZATIONNAME = "Spring Role";
				TargetAttributes = {
					1286D3DD18FB6A1200D6AE1C = {
						TestTargetID = 1286D3C218FB6A1200D6AE1C;
					};
				};
			};
			buildConfigurationList = 1286D3BE18FB6A1200D6AE1C /* Build configuration list for PBXProject "springrole-ios-xmpp-demo" */;
			compatibilityVersion = "Xcode 3.2";
			developmentRegion = English;
			hasScannedForEncodings = 0;
			knownRegions = (
				en,
			);
			mainGroup = 1286D3BA18FB6A1200D6AE1C;
			productRefGroup = 1286D3C418FB6A1200D6AE1C /* Products */;
			projectDirPath = "";
			projectRoot = "";
			targets = (
				1286D3C218FB6A1200D6AE1C /* springrole-ios-xmpp-demo */,
				1286D3DD18FB6A1200D6AE1C /* springrole-ios-xmpp-demoTests */,
			);
		};
/* End PBXProject section */

/* Begin PBXResourcesBuildPhase section */
		1286D3C118FB6A1200D6AE1C /* Resources */ = {
			isa = PBXResourcesBuildPhase;
			buildActionMask = 2147483647;
			files = (
				1286D3D118FB6A1200D6AE1C /* InfoPlist.strings in Resources */,
				1286D3D918FB6A1200D6AE1C /* Images.xcassets in Resources */,
			);
			runOnlyForDeploymentPostprocessing = 0;
		};
		1286D3DC18FB6A1200D6AE1C /* Resources */ = {
			isa = PBXResourcesBuildPhase;
			buildActionMask = 2147483647;
			files = (
				1286D3EA18FB6A1200D6AE1C /* InfoPlist.strings in Resources */,
			);
			runOnlyForDeploymentPostprocessing = 0;
		};
/* End PBXResourcesBuildPhase section */

/* Begin PBXSourcesBuildPhase section */
		1286D3BF18FB6A1200D6AE1C /* Sources */ = {
			isa = PBXSourcesBuildPhase;
			buildActionMask = 2147483647;
			files = (
				1286D3D318FB6A1200D6AE1C /* main.m in Sources */,
				1286D3D718FB6A1200D6AE1C /* SRIAppDelegate.m in Sources */,
			);
			runOnlyForDeploymentPostprocessing = 0;
		};
		1286D3DA18FB6A1200D6AE1C /* Sources */ = {
			isa = PBXSourcesBuildPhase;
			buildActionMask = 2147483647;
			files = (
				1286D3EC18FB6A1200D6AE1C /* springrole_ios_xmpp_demoTests.m in Sources */,
			);
			runOnlyForDeploymentPostprocessing = 0;
		};
/* End PBXSourcesBuildPhase section */

/* Begin PBXTargetDependency section */
		1286D3E418FB6A1200D6AE1C /* PBXTargetDependency */ = {
			isa = PBXTargetDependency;
			target = 1286D3C218FB6A1200D6AE1C /* springrole-ios-xmpp-demo */;
			targetProxy = 1286D3E318FB6A1200D6AE1C /* PBXContainerItemProxy */;
		};
/* End PBXTargetDependency section */

/* Begin PBXVariantGroup section */
		1286D3CF18FB6A1200D6AE1C /* InfoPlist.strings */ = {
			isa = PBXVariantGroup;
			children = (
				1286D3D018FB6A1200D6AE1C /* en */,
			);
			name = InfoPlist.strings;
			sourceTree = "<group>";
		};
		1286D3E818FB6A1200D6AE1C /* InfoPlist.strings */ = {
			isa = PBXVariantGroup;
			children = (
				1286D3E918FB6A1200D6AE1C /* en */,
			);
			name = InfoPlist.strings;
			sourceTree = "<group>";
		};
/* End PBXVariantGroup section */

/* Begin XCBuildConfiguration section */
		1286D3ED18FB6A1200D6AE1C /* Debug */ = {
			isa = XCBuildConfiguration;
			buildSettings = {
				ALWAYS_SEARCH_USER_PATHS = NO;
				CLANG_CXX_LANGUAGE_STANDARD = "gnu++0x";
				CLANG_CXX_LIBRARY = "libc++";
				CLANG_ENABLE_MODULES = YES;
				CLANG_ENABLE_OBJC_ARC = YES;
				CLANG_WARN_BOOL_CONVERSION = YES;
				CLANG_WARN_CONSTANT_CONVERSION = YES;
				CLANG_WARN_DIRECT_OBJC_ISA_USAGE = YES_ERROR;
				CLANG_WARN_EMPTY_BODY = YES;
				CLANG_WARN_ENUM_CONVERSION = YES;
				CLANG_WARN_INT_CONVERSION = YES;
				CLANG_WARN_OBJC_ROOT_CLASS = YES_ERROR;
				CLANG_WARN__DUPLICATE_METHOD_MATCH = YES;
				"CODE_SIGN_IDENTITY[sdk=iphoneos*]" = "iPhone Developer";
				COPY_PHASE_STRIP = NO;
				GCC_C_LANGUAGE_STANDARD = gnu99;
				GCC_DYNAMIC_NO_PIC = NO;
				GCC_OPTIMIZATION_LEVEL = 0;
				GCC_PREPROCESSOR_DEFINITIONS = (
					"DEBUG=1",
					"$(inherited)",
				);
				GCC_SYMBOLS_PRIVATE_EXTERN = NO;
				GCC_WARN_64_TO_32_BIT_CONVERSION = YES;
				GCC_WARN_ABOUT_RETURN_TYPE = YES_ERROR;
				GCC_WARN_UNDECLARED_SELECTOR = YES;
				GCC_WARN_UNINITIALIZED_AUTOS = YES_AGGRESSIVE;
				GCC_WARN_UNUSED_FUNCTION = YES;
				GCC_WARN_UNUSED_VARIABLE = YES;
				IPHONEOS_DEPLOYMENT_TARGET = 7.1;
				ONLY_ACTIVE_ARCH = YES;
				SDKROOT = iphoneos;
			};
			name = Debug;
		};
		1286D3EE18FB6A1200D6AE1C /* Release */ = {
			isa = XCBuildConfiguration;
			buildSettings = {
				ALWAYS_SEARCH_USER_PATHS = NO;
				CLANG_CXX_LANGUAGE_STANDARD = "gnu++0x";
				CLANG_CXX_LIBRARY = "libc++";
				CLANG_ENABLE_MODULES = YES;
				CLANG_ENABLE_OBJC_ARC = YES;
				CLANG_WARN_BOOL_CONVERSION = YES;
				CLANG_WARN_CONSTANT_CONVERSION = YES;
				CLANG_WARN_DIRECT_OBJC_ISA_USAGE = YES_ERROR;
				CLANG_WARN_EMPTY_BODY = YES;
				CLANG_WARN_ENUM_CONVERSION = YES;
				CLANG_WARN_INT_CONVERSION = YES;
				CLANG_WARN_OBJC_ROOT_CLASS = YES_ERROR;
				CLANG_WARN__DUPLICATE_METHOD_MATCH = YES;
				"CODE_SIGN_IDENTITY[sdk=iphoneos*]" = "iPhone Developer";
				COPY_PHASE_STRIP = YES;
				ENABLE_NS_ASSERTIONS = NO;
				GCC_C_LANGUAGE_STANDARD = gnu99;
				GCC_WARN_64_TO_32_BIT_CONVERSION = YES;
				GCC_WARN_ABOUT_RETURN_TYPE = YES_ERROR;
				GCC_WARN_UNDECLARED_SELECTOR = YES;
				GCC_WARN_UNINITIALIZED_AUTOS = YES_AGGRESSIVE;
				GCC_WARN_UNUSED_FUNCTION = YES;
				GCC_WARN_UNUSED_VARIABLE = YES;
				IPHONEOS_DEPLOYMENT_TARGET = 7.1;
				SDKROOT = iphoneos;
				VALIDATE_PRODUCT = YES;
			};
			name = Release;
		};
		1286D3F018FB6A1200D6AE1C /* Debug */ = {
			isa = XCBuildConfiguration;
			buildSettings = {
				ASSETCATALOG_COMPILER_APPICON_NAME = AppIcon;
				ASSETCATALOG_COMPILER_LAUNCHIMAGE_NAME = LaunchImage;
				GCC_PRECOMPILE_PREFIX_HEADER = YES;
				GCC_PREFIX_HEADER = "springrole-ios-xmpp-demo/springrole-ios-xmpp-demo-Prefix.pch";
				INFOPLIST_FILE = "springrole-ios-xmpp-demo/springrole-ios-xmpp-demo-Info.plist";
				PRODUCT_NAME = "$(TARGET_NAME)";
				WRAPPER_EXTENSION = app;
			};
			name = Debug;
		};
		1286D3F118FB6A1200D6AE1C /* Release */ = {
			isa = XCBuildConfiguration;
			buildSettings = {
				ASSETCATALOG_COMPILER_APPICON_NAME = AppIcon;
				ASSETCATALOG_COMPILER_LAUNCHIMAGE_NAME = LaunchImage;
				GCC_PRECOMPILE_PREFIX_HEADER = YES;
				GCC_PREFIX_HEADER = "springrole-ios-xmpp-demo/springrole-ios-xmpp-demo-Prefix.pch";
				INFOPLIST_FILE = "springrole-ios-xmpp-demo/springrole-ios-xmpp-demo-Info.plist";
				PRODUCT_NAME = "$(TARGET_NAME)";
				WRAPPER_EXTENSION = app;
			};
			name = Release;
		};
		1286D3F318FB6A1200D6AE1C /* Debug */ = {
			isa = XCBuildConfiguration;
			buildSettings = {
				BUNDLE_LOADER = "$(BUILT_PRODUCTS_DIR)/springrole-ios-xmpp-demo.app/springrole-ios-xmpp-demo";
				FRAMEWORK_SEARCH_PATHS = (
					"$(SDKROOT)/Developer/Library/Frameworks",
					"$(inherited)",
					"$(DEVELOPER_FRAMEWORKS_DIR)",
				);
				GCC_PRECOMPILE_PREFIX_HEADER = YES;
				GCC_PREFIX_HEADER = "springrole-ios-xmpp-demo/springrole-ios-xmpp-demo-Prefix.pch";
				GCC_PREPROCESSOR_DEFINITIONS = (
					"DEBUG=1",
					"$(inherited)",
				);
				INFOPLIST_FILE = "springrole-ios-xmpp-demoTests/springrole-ios-xmpp-demoTests-Info.plist";
				PRODUCT_NAME = "$(TARGET_NAME)";
				TEST_HOST = "$(BUNDLE_LOADER)";
				WRAPPER_EXTENSION = xctest;
			};
			name = Debug;
		};
		1286D3F418FB6A1200D6AE1C /* Release */ = {
			isa = XCBuildConfiguration;
			buildSettings = {
				BUNDLE_LOADER = "$(BUILT_PRODUCTS_DIR)/springrole-ios-xmpp-demo.app/springrole-ios-xmpp-demo";
				FRAMEWORK_SEARCH_PATHS = (
					"$(SDKROOT)/Developer/Library/Frameworks",
					"$(inherited)",
					"$(DEVELOPER_FRAMEWORKS_DIR)",
				);
				GCC_PRECOMPILE_PREFIX_HEADER = YES;
				GCC_PREFIX_HEADER = "springrole-ios-xmpp-demo/springrole-ios-xmpp-demo-Prefix.pch";
				INFOPLIST_FILE = "springrole-ios-xmpp-demoTests/springrole-ios-xmpp-demoTests-Info.plist";
				PRODUCT_NAME = "$(TARGET_NAME)";
				TEST_HOST = "$(BUNDLE_LOADER)";
				WRAPPER_EXTENSION = xctest;
			};
			name = Release;
		};
/* End XCBuildConfiguration section */

/* Begin XCConfigurationList section */
		1286D3BE18FB6A1200D6AE1C /* Build configuration list for PBXProject "springrole-ios-xmpp-demo" */ = {
			isa = XCConfigurationList;
			buildConfigurations = (
				1286D3ED18FB6A1200D6AE1C /* Debug */,
				1286D3EE18FB6A1200D6AE1C /* Release */,
			);
			defaultConfigurationIsVisible = 0;
			defaultConfigurationName = Release;
		};
		1286D3EF18FB6A1200D6AE1C /* Build configuration list for PBXNativeTarget "springrole-ios-xmpp-demo" */ = {
			isa = XCConfigurationList;
			buildConfigurations = (
				1286D3F018FB6A1200D6AE1C /* Debug */,
				1286D3F118FB6A1200D6AE1C /* Release */,
			);
			defaultConfigurationIsVisible = 0;
		};
		1286D3F218FB6A1200D6AE1C /* Build configuration list for PBXNativeTarget "springrole-ios-xmpp-demoTests" */ = {
			isa = XCConfigurationList;
			buildConfigurations = (
				1286D3F318FB6A1200D6AE1C /* Debug */,
				1286D3F418FB6A1200D6AE1C /* Release */,
			);
			defaultConfigurationIsVisible = 0;
		};
/* End XCConfigurationList section */
	};
	rootObject = 1286D3BB18FB6A1200D6AE1C /* Project object */;
}
